
Microsoft Visual Studio Solution File, Format Version 12.00
# Visual Studio Version 16
VisualStudioVersion = 16.0.30204.135
MinimumVisualStudioVersion = 10.0.40219.1
Project("{FAE04EC0-301F-11D3-BF4B-00C04F79EFBC}") = "MethodOverload", "MethodOverload\MethodOverload.csproj", "{EB315791-23B4-4339-97FD-5DAC377863ED}"
EndProject
Global
	GlobalSection(SolutionConfigurationPlatforms) = preSolution
		Debug|Any CPU = Debug|Any CPU
		Release|Any CPU = Release|Any CPU
	EndGlobalSection
	GlobalSection(ProjectConfigurationPlatforms) = postSolution
		{EB315791-23B4-4339-97FD-5DAC377863ED}.Debug|Any CPU.ActiveCfg = Debug|Any CPU
		{EB315791-23B4-4339-97FD-5DAC377863ED}.Debug|Any CPU.Build.0 = Debug|Any CPU
		{EB315791-23B4-4339-97FD-5DAC377863ED}.Release|Any CPU.ActiveCfg = Release|Any CPU
		{EB315791-23B4-4339-97FD-5DAC377863ED}.Release|Any CPU.Build.0 = Release|Any CPU
	EndGlobalSection
	GlobalSection(SolutionProperties) = preSolution
		HideSolutionNode = FALSE
	EndGlobalSection
	GlobalSection(ExtensibilityGlobals) = postSolution
		SolutionGuid = {E9D41807-5C80-49FC-BA94-677D983263A5}
	EndGlobalSection
EndGlobal
